{
  "name": "wyvern-bot",
  "version": "1.0.0",
  "lockfileVersion": 2,
  "requires": true,
  "packages": {
    "": {
      "name": "wyvern-bot",
      "version": "1.0.0",
      "license": "ISC",
      "dependencies": {
        "discord.js": "^14.2.0",
        "glob": "^7.1.7",
        "node.js": "^0.0.1-security",
        "nodemon": "^2.0.15"
      }
    },
  }
}
